// !$*UTF8*$!
{
	archiveVersion = 1;
	classes = {
	};
	objectVersion = 46;
	objects = {

/* Begin PBXBuildFile section */
		AD44B5E21E1A91310003E14B /* DFNewFeatureView.xib in Resources */ = {isa = PBXBuildFile; fileRef = AD44B5E11E1A91310003E14B /* DFNewFeatureView.xib */; };
		AD4B7B7C1E2A3E3B003CEB47 /* CZRefreshView.swift in Sources */ = {isa = PBXBuildFile; fileRef = AD4B7B7A1E2A3E3B003CEB47 /* CZRefreshView.swift */; };
		AD4B7B7D1E2A3E3B003CEB47 /* CZRefreshView.xib in Resources */ = {isa = PBXBuildFile; fileRef = AD4B7B7B1E2A3E3B003CEB47 /* CZRefreshView.xib */; };
		AD6829E11E1A3FE7001C8074 /* DFTitleButton.swift in Sources */ = {isa = PBXBuildFile; fileRef = AD6829E01E1A3FE7001C8074 /* DFTitleButton.swift */; };
		AD6829E51E1A4C36001C8074 /* DFNewFeatureView.swift in Sources */ = {isa = PBXBuildFile; fileRef = AD6829E41E1A4C36001C8074 /* DFNewFeatureView.swift */; };
		AD6829E71E1A4C4A001C8074 /* DFWelecomView.swift in Sources */ = {isa = PBXBuildFile; fileRef = AD6829E61E1A4C4A001C8074 /* DFWelecomView.swift */; };
		AD6829E91E1A59B7001C8074 /* DFWelecomView.xib in Resources */ = {isa = PBXBuildFile; fileRef = AD6829E81E1A59B7001C8074 /* DFWelecomView.xib */; };
		AD6A8E541E208C1100804B2A /* DFStatusNormalCell.xib in Resources */ = {isa = PBXBuildFile; fileRef = AD6A8E531E208C1100804B2A /* DFStatusNormalCell.xib */; };
		AD6A8E561E2097F700804B2A /* DFStatusCell.swift in Sources */ = {isa = PBXBuildFile; fileRef = AD6A8E551E2097F700804B2A /* DFStatusCell.swift */; };
		AD6A8E581E209D0700804B2A /* DFUser.swift in Sources */ = {isa = PBXBuildFile; fileRef = AD6A8E571E209D0700804B2A /* DFUser.swift */; };
		AD6A8E5A1E20AC1300804B2A /* DFStatuesViewModel.swift in Sources */ = {isa = PBXBuildFile; fileRef = AD6A8E591E20AC1300804B2A /* DFStatuesViewModel.swift */; };
		AD6A8E5C1E20CF6000804B2A /* UIImageView+WebImage.swift in Sources */ = {isa = PBXBuildFile; fileRef = AD6A8E5B1E20CF6000804B2A /* UIImageView+WebImage.swift */; };
		AD6A8E5E1E20D19E00804B2A /* UIImage+Extensions.swift in Sources */ = {isa = PBXBuildFile; fileRef = AD6A8E5D1E20D19E00804B2A /* UIImage+Extensions.swift */; };
		AD6A8E601E21155000804B2A /* DFStatusToolBar.swift in Sources */ = {isa = PBXBuildFile; fileRef = AD6A8E5F1E21155000804B2A /* DFStatusToolBar.swift */; };
		AD6A8E621E211F1B00804B2A /* DFStatusPictureView.swift in Sources */ = {isa = PBXBuildFile; fileRef = AD6A8E611E211F1B00804B2A /* DFStatusPictureView.swift */; };
		AD6A8E641E21265600804B2A /* DFStatusPicture.swift in Sources */ = {isa = PBXBuildFile; fileRef = AD6A8E631E21265600804B2A /* DFStatusPicture.swift */; };
		AD6CFB141E1933560064D06A /* DFUserAccount.swift in Sources */ = {isa = PBXBuildFile; fileRef = AD6CFB131E1933560064D06A /* DFUserAccount.swift */; };
		AD6CFB2E1E19440C0064D06A /* NSArray+Log.m in Sources */ = {isa = PBXBuildFile; fileRef = AD6CFB171E19440C0064D06A /* NSArray+Log.m */; };
		AD6CFB2F1E19440C0064D06A /* NSAttributedString+CZAdditon.m in Sources */ = {isa = PBXBuildFile; fileRef = AD6CFB191E19440C0064D06A /* NSAttributedString+CZAdditon.m */; };
		AD6CFB301E19440C0064D06A /* NSObject+CZRuntime.m in Sources */ = {isa = PBXBuildFile; fileRef = AD6CFB1B1E19440C0064D06A /* NSObject+CZRuntime.m */; };
		AD6CFB311E19440C0064D06A /* NSString+CZBase64.m in Sources */ = {isa = PBXBuildFile; fileRef = AD6CFB1D1E19440C0064D06A /* NSString+CZBase64.m */; };
		AD6CFB321E19440C0064D06A /* NSString+CZHash.m in Sources */ = {isa = PBXBuildFile; fileRef = AD6CFB1F1E19440C0064D06A /* NSString+CZHash.m */; };
		AD6CFB331E19440C0064D06A /* NSString+CZPath.m in Sources */ = {isa = PBXBuildFile; fileRef = AD6CFB211E19440C0064D06A /* NSString+CZPath.m */; };
		AD6CFB341E19440C0064D06A /* UIButton+CZAddition.m in Sources */ = {isa = PBXBuildFile; fileRef = AD6CFB231E19440C0064D06A /* UIButton+CZAddition.m */; };
		AD6CFB351E19440C0064D06A /* UIColor+CZAddition.m in Sources */ = {isa = PBXBuildFile; fileRef = AD6CFB251E19440C0064D06A /* UIColor+CZAddition.m */; };
		AD6CFB361E19440C0064D06A /* UILabel+CZAddition.m in Sources */ = {isa = PBXBuildFile; fileRef = AD6CFB271E19440C0064D06A /* UILabel+CZAddition.m */; };
		AD6CFB371E19440C0064D06A /* UIScreen+CZAddition.m in Sources */ = {isa = PBXBuildFile; fileRef = AD6CFB291E19440C0064D06A /* UIScreen+CZAddition.m */; };
		AD6CFB381E19440C0064D06A /* UIView+CZAddition.m in Sources */ = {isa = PBXBuildFile; fileRef = AD6CFB2B1E19440C0064D06A /* UIView+CZAddition.m */; };
		AD6CFB391E19440C0064D06A /* UIViewController+CZAddition.m in Sources */ = {isa = PBXBuildFile; fileRef = AD6CFB2D1E19440C0064D06A /* UIViewController+CZAddition.m */; };
		AD877D991E0B76E200299081 /* Bundle+Extension.swift in Sources */ = {isa = PBXBuildFile; fileRef = AD877D981E0B76E200299081 /* Bundle+Extension.swift */; };
		AD877D9B1E0B825100299081 /* main.json in Resources */ = {isa = PBXBuildFile; fileRef = AD877D9A1E0B825100299081 /* main.json */; };
		AD89B9C71E0AC29B00D20E72 /* AppDelegate.swift in Sources */ = {isa = PBXBuildFile; fileRef = AD89B9C61E0AC29B00D20E72 /* AppDelegate.swift */; };
		AD89B9CE1E0AC29B00D20E72 /* Assets.xcassets in Resources */ = {isa = PBXBuildFile; fileRef = AD89B9CD1E0AC29B00D20E72 /* Assets.xcassets */; };
		AD89B9E51E0AC9D900D20E72 /* DFMainViewController.swift in Sources */ = {isa = PBXBuildFile; fileRef = AD89B9E41E0AC9D900D20E72 /* DFMainViewController.swift */; };
		AD89B9E71E0ACA2100D20E72 /* DFNavigationViewController.swift in Sources */ = {isa = PBXBuildFile; fileRef = AD89B9E61E0ACA2100D20E72 /* DFNavigationViewController.swift */; };
		AD89B9E91E0ACA6700D20E72 /* DFBaseViewController.swift in Sources */ = {isa = PBXBuildFile; fileRef = AD89B9E81E0ACA6700D20E72 /* DFBaseViewController.swift */; };
		AD89B9ED1E0ACACF00D20E72 /* DFMessageViewController.swift in Sources */ = {isa = PBXBuildFile; fileRef = AD89B9EC1E0ACACF00D20E72 /* DFMessageViewController.swift */; };
		AD89B9EF1E0ACAD800D20E72 /* DFDiscoverViewController.swift in Sources */ = {isa = PBXBuildFile; fileRef = AD89B9EE1E0ACAD800D20E72 /* DFDiscoverViewController.swift */; };
		AD89B9F11E0ACAE200D20E72 /* DFProfileViewController.swift in Sources */ = {isa = PBXBuildFile; fileRef = AD89B9F01E0ACAE200D20E72 /* DFProfileViewController.swift */; };
		AD89B9F31E0ACB8D00D20E72 /* DFHomeViewController.swift in Sources */ = {isa = PBXBuildFile; fileRef = AD89B9F21E0ACB8D00D20E72 /* DFHomeViewController.swift */; };
		AD8A37D71E330096007D6BC5 /* DFWebViewController.swift in Sources */ = {isa = PBXBuildFile; fileRef = AD8A37D61E330096007D6BC5 /* DFWebViewController.swift */; };
		AD8CB78C1E0FA55E00BA3CC3 /* DFVisitorView.swift in Sources */ = {isa = PBXBuildFile; fileRef = AD8CB78B1E0FA55E00BA3CC3 /* DFVisitorView.swift */; };
		AD99A68C1E27876B002512E1 /* CZRefreshControl.swift in Sources */ = {isa = PBXBuildFile; fileRef = AD99A68B1E27876B002512E1 /* CZRefreshControl.swift */; };
		AD9A27F61E11089500B1B4E3 /* DFNetwokrManager.swift in Sources */ = {isa = PBXBuildFile; fileRef = AD9A27F51E11089500B1B4E3 /* DFNetwokrManager.swift */; };
		AD9A27F81E111B1800B1B4E3 /* DFNetworking+Extension.swift in Sources */ = {isa = PBXBuildFile; fileRef = AD9A27F71E111B1800B1B4E3 /* DFNetworking+Extension.swift */; };
		AD9B784B1E0CD12E002F6BEA /* DFDemoViewController.swift in Sources */ = {isa = PBXBuildFile; fileRef = AD9B784A1E0CD12E002F6BEA /* DFDemoViewController.swift */; };
		AD9B784F1E0CD7D2002F6BEA /* UIBarButtonItem+Extensions.swift in Sources */ = {isa = PBXBuildFile; fileRef = AD9B784E1E0CD7D2002F6BEA /* UIBarButtonItem+Extensions.swift */; };
		AD9CFA271E13681A0014F870 /* WeBoTestCommond.swift in Sources */ = {isa = PBXBuildFile; fileRef = AD9CFA261E13681A0014F870 /* WeBoTestCommond.swift */; };
		AD9CFA2A1E136B1F0014F870 /* DFOAuthViewController.swift in Sources */ = {isa = PBXBuildFile; fileRef = AD9CFA291E136B1F0014F870 /* DFOAuthViewController.swift */; };
		ADA0FF2D1E3447A80000A96B /* WBComposeTextView.swift in Sources */ = {isa = PBXBuildFile; fileRef = ADA0FF2C1E3447A80000A96B /* WBComposeTextView.swift */; };
		ADA6E1AD1E2F2F2900E71880 /* DFComposeViewController.swift in Sources */ = {isa = PBXBuildFile; fileRef = ADA6E1AB1E2F2F2900E71880 /* DFComposeViewController.swift */; };
		ADA6E1AE1E2F2F2900E71880 /* DFComposeViewController.xib in Resources */ = {isa = PBXBuildFile; fileRef = ADA6E1AC1E2F2F2900E71880 /* DFComposeViewController.xib */; };
		ADA6E1B01E2FAA4100E71880 /* String+Extersion.swift in Sources */ = {isa = PBXBuildFile; fileRef = ADA6E1AF1E2FAA4100E71880 /* String+Extersion.swift */; };
		ADA8C3161E0E1E99001CA74E /* DFModalViewController.swift in Sources */ = {isa = PBXBuildFile; fileRef = ADA8C3151E0E1E99001CA74E /* DFModalViewController.swift */; };
		ADAAEB0E1E2E03CF00B6F189 /* DFComposeTypeView.xib in Resources */ = {isa = PBXBuildFile; fileRef = ADAAEB0D1E2E03CF00B6F189 /* DFComposeTypeView.xib */; };
		ADAAEB101E2E10DE00B6F189 /* DFComposeTypeButton.swift in Sources */ = {isa = PBXBuildFile; fileRef = ADAAEB0F1E2E10DE00B6F189 /* DFComposeTypeButton.swift */; };
		ADAAEB121E2E10F800B6F189 /* DFComposeTypeButton.xib in Resources */ = {isa = PBXBuildFile; fileRef = ADAAEB111E2E10F800B6F189 /* DFComposeTypeButton.xib */; };
		ADAB54D41E1234C200E0CCC5 /* DFStatue.swift in Sources */ = {isa = PBXBuildFile; fileRef = ADAB54D31E1234C200E0CCC5 /* DFStatue.swift */; };
		ADAB54D61E1234EB00E0CCC5 /* DFStatuesListViewModel.swift in Sources */ = {isa = PBXBuildFile; fileRef = ADAB54D51E1234EB00E0CCC5 /* DFStatuesListViewModel.swift */; };
		ADAC9E6A1E2C87B8001A8303 /* CZHumanRefreshView.xib in Resources */ = {isa = PBXBuildFile; fileRef = ADAC9E691E2C87B8001A8303 /* CZHumanRefreshView.xib */; };
		ADAE90EA1E222A880046CCC0 /* DFStatusRetweetedCell.xib in Resources */ = {isa = PBXBuildFile; fileRef = ADAE90E91E222A880046CCC0 /* DFStatusRetweetedCell.xib */; };
		ADBF16291E2D1B8A0019AD2E /* CZMeituanRefreshView.swift in Sources */ = {isa = PBXBuildFile; fileRef = ADBF16271E2D1B8A0019AD2E /* CZMeituanRefreshView.swift */; };
		ADBF162A1E2D1B8A0019AD2E /* CZMeituanRefreshView.xib in Resources */ = {isa = PBXBuildFile; fileRef = ADBF16281E2D1B8A0019AD2E /* CZMeituanRefreshView.xib */; };
		ADBF162E1E2D1F540019AD2E /* DFComposeTypeView.swift in Sources */ = {isa = PBXBuildFile; fileRef = ADBF162D1E2D1F540019AD2E /* DFComposeTypeView.swift */; };
		ADC2BC351E31EBA300F91140 /* CZEmoticonManager.swift in Sources */ = {isa = PBXBuildFile; fileRef = ADC2BC301E31EBA200F91140 /* CZEmoticonManager.swift */; };
		ADC2BC361E31EBA300F91140 /* HMEmoticon.bundle in Resources */ = {isa = PBXBuildFile; fileRef = ADC2BC311E31EBA300F91140 /* HMEmoticon.bundle */; };
		ADC2BC371E31EBA300F91140 /* CZEmoticon.swift in Sources */ = {isa = PBXBuildFile; fileRef = ADC2BC331E31EBA300F91140 /* CZEmoticon.swift */; };
		ADC2BC381E31EBA300F91140 /* CZEmoticonPackage.swift in Sources */ = {isa = PBXBuildFile; fileRef = ADC2BC341E31EBA300F91140 /* CZEmoticonPackage.swift */; };
		ADC87CD31E31F6390032FE25 /* NSArray+CZAddition.m in Sources */ = {isa = PBXBuildFile; fileRef = ADC87CD01E31F6390032FE25 /* NSArray+CZAddition.m */; };
		ADC87CD41E31F6390032FE25 /* NSObject+CZAddition.m in Sources */ = {isa = PBXBuildFile; fileRef = ADC87CD21E31F6390032FE25 /* NSObject+CZAddition.m */; };
		ADFA2ECC1E32F2D2007DFBA8 /* FFLabel.swift in Sources */ = {isa = PBXBuildFile; fileRef = ADFA2ECB1E32F2D2007DFBA8 /* FFLabel.swift */; };
		C9E32DCED09678901ACA536F /* Pods_WeiBoTest.framework in Frameworks */ = {isa = PBXBuildFile; fileRef = B4D222A027863A6EFFC0BA20 /* Pods_WeiBoTest.framework */; };
/* End PBXBuildFile section */

/* Begin PBXFileReference section */
		4AF718AD705ED045705C27A5 /* Pods-WeiBoTest.debug.xcconfig */ = {isa = PBXFileReference; includeInIndex = 1; lastKnownFileType = text.xcconfig; name = "Pods-WeiBoTest.debug.xcconfig"; path = "Pods/Target Support Files/Pods-WeiBoTest/Pods-WeiBoTest.debug.xcconfig"; sourceTree = "<group>"; };
		5CA185177CF14B93DFF61D7F /* Pods-WeiBoTest.release.xcconfig */ = {isa = PBXFileReference; includeInIndex = 1; lastKnownFileType = text.xcconfig; name = "Pods-WeiBoTest.release.xcconfig"; path = "Pods/Target Support Files/Pods-WeiBoTest/Pods-WeiBoTest.release.xcconfig"; sourceTree = "<group>"; };
		AD44B5E11E1A91310003E14B /* DFNewFeatureView.xib */ = {isa = PBXFileReference; fileEncoding = 4; lastKnownFileType = file.xib; path = DFNewFeatureView.xib; sourceTree = "<group>"; };
		AD4B7B7A1E2A3E3B003CEB47 /* CZRefreshView.swift */ = {isa = PBXFileReference; fileEncoding = 4; lastKnownFileType = sourcecode.swift; path = CZRefreshView.swift; sourceTree = "<group>"; };
		AD4B7B7B1E2A3E3B003CEB47 /* CZRefreshView.xib */ = {isa = PBXFileReference; fileEncoding = 4; lastKnownFileType = file.xib; path = CZRefreshView.xib; sourceTree = "<group>"; };
		AD6829E01E1A3FE7001C8074 /* DFTitleButton.swift */ = {isa = PBXFileReference; fileEncoding = 4; lastKnownFileType = sourcecode.swift; path = DFTitleButton.swift; sourceTree = "<group>"; };
		AD6829E41E1A4C36001C8074 /* DFNewFeatureView.swift */ = {isa = PBXFileReference; fileEncoding = 4; lastKnownFileType = sourcecode.swift; path = DFNewFeatureView.swift; sourceTree = "<group>"; };
		AD6829E61E1A4C4A001C8074 /* DFWelecomView.swift */ = {isa = PBXFileReference; fileEncoding = 4; lastKnownFileType = sourcecode.swift; path = DFWelecomView.swift; sourceTree = "<group>"; };
		AD6829E81E1A59B7001C8074 /* DFWelecomView.xib */ = {isa = PBXFileReference; fileEncoding = 4; lastKnownFileType = file.xib; path = DFWelecomView.xib; sourceTree = "<group>"; };
		AD6A8E531E208C1100804B2A /* DFStatusNormalCell.xib */ = {isa = PBXFileReference; fileEncoding = 4; lastKnownFileType = file.xib; path = DFStatusNormalCell.xib; sourceTree = "<group>"; };
		AD6A8E551E2097F700804B2A /* DFStatusCell.swift */ = {isa = PBXFileReference; fileEncoding = 4; lastKnownFileType = sourcecode.swift; path = DFStatusCell.swift; sourceTree = "<group>"; };
		AD6A8E571E209D0700804B2A /* DFUser.swift */ = {isa = PBXFileReference; fileEncoding = 4; lastKnownFileType = sourcecode.swift; path = DFUser.swift; sourceTree = "<group>"; };
		AD6A8E591E20AC1300804B2A /* DFStatuesViewModel.swift */ = {isa = PBXFileReference; fileEncoding = 4; lastKnownFileType = sourcecode.swift; path = DFStatuesViewModel.swift; sourceTree = "<group>"; };
		AD6A8E5B1E20CF6000804B2A /* UIImageView+WebImage.swift */ = {isa = PBXFileReference; fileEncoding = 4; lastKnownFileType = sourcecode.swift; path = "UIImageView+WebImage.swift"; sourceTree = "<group>"; };
		AD6A8E5D1E20D19E00804B2A /* UIImage+Extensions.swift */ = {isa = PBXFileReference; fileEncoding = 4; lastKnownFileType = sourcecode.swift; path = "UIImage+Extensions.swift"; sourceTree = "<group>"; };
		AD6A8E5F1E21155000804B2A /* DFStatusToolBar.swift */ = {isa = PBXFileReference; fileEncoding = 4; lastKnownFileType = sourcecode.swift; path = DFStatusToolBar.swift; sourceTree = "<group>"; };
		AD6A8E611E211F1B00804B2A /* DFStatusPictureView.swift */ = {isa = PBXFileReference; fileEncoding = 4; lastKnownFileType = sourcecode.swift; path = DFStatusPictureView.swift; sourceTree = "<group>"; };
		AD6A8E631E21265600804B2A /* DFStatusPicture.swift */ = {isa = PBXFileReference; fileEncoding = 4; lastKnownFileType = sourcecode.swift; path = DFStatusPicture.swift; sourceTree = "<group>"; };
		AD6CFB131E1933560064D06A /* DFUserAccount.swift */ = {isa = PBXFileReference; fileEncoding = 4; lastKnownFileType = sourcecode.swift; path = DFUserAccount.swift; sourceTree = "<group>"; };
		AD6CFB151E19440C0064D06A /* CZAdditions.h */ = {isa = PBXFileReference; fileEncoding = 4; lastKnownFileType = sourcecode.c.h; path = CZAdditions.h; sourceTree = "<group>"; };
		AD6CFB161E19440C0064D06A /* NSArray+Log.h */ = {isa = PBXFileReference; fileEncoding = 4; lastKnownFileType = sourcecode.c.h; path = "NSArray+Log.h"; sourceTree = "<group>"; };
		AD6CFB171E19440C0064D06A /* NSArray+Log.m */ = {isa = PBXFileReference; fileEncoding = 4; lastKnownFileType = sourcecode.c.objc; path = "NSArray+Log.m"; sourceTree = "<group>"; };
		AD6CFB181E19440C0064D06A /* NSAttributedString+CZAdditon.h */ = {isa = PBXFileReference; fileEncoding = 4; lastKnownFileType = sourcecode.c.h; path = "NSAttributedString+CZAdditon.h"; sourceTree = "<group>"; };
		AD6CFB191E19440C0064D06A /* NSAttributedString+CZAdditon.m */ = {isa = PBXFileReference; fileEncoding = 4; lastKnownFileType = sourcecode.c.objc; path = "NSAttributedString+CZAdditon.m"; sourceTree = "<group>"; };
		AD6CFB1A1E19440C0064D06A /* NSObject+CZRuntime.h */ = {isa = PBXFileReference; fileEncoding = 4; lastKnownFileType = sourcecode.c.h; path = "NSObject+CZRuntime.h"; sourceTree = "<group>"; };
		AD6CFB1B1E19440C0064D06A /* NSObject+CZRuntime.m */ = {isa = PBXFileReference; fileEncoding = 4; lastKnownFileType = sourcecode.c.objc; path = "NSObject+CZRuntime.m"; sourceTree = "<group>"; };
		AD6CFB1C1E19440C0064D06A /* NSString+CZBase64.h */ = {isa = PBXFileReference; fileEncoding = 4; lastKnownFileType = sourcecode.c.h; path = "NSString+CZBase64.h"; sourceTree = "<group>"; };
		AD6CFB1D1E19440C0064D06A /* NSString+CZBase64.m */ = {isa = PBXFileReference; fileEncoding = 4; lastKnownFileType = sourcecode.c.objc; path = "NSString+CZBase64.m"; sourceTree = "<group>"; };
		AD6CFB1E1E19440C0064D06A /* NSString+CZHash.h */ = {isa = PBXFileReference; fileEncoding = 4; lastKnownFileType = sourcecode.c.h; path = "NSString+CZHash.h"; sourceTree = "<group>"; };
		AD6CFB1F1E19440C0064D06A /* NSString+CZHash.m */ = {isa = PBXFileReference; fileEncoding = 4; lastKnownFileType = sourcecode.c.objc; path = "NSString+CZHash.m"; sourceTree = "<group>"; };
		AD6CFB201E19440C0064D06A /* NSString+CZPath.h */ = {isa = PBXFileReference; fileEncoding = 4; lastKnownFileType = sourcecode.c.h; path = "NSString+CZPath.h"; sourceTree = "<group>"; };
		AD6CFB211E19440C0064D06A /* NSString+CZPath.m */ = {isa = PBXFileReference; fileEncoding = 4; lastKnownFileType = sourcecode.c.objc; path = "NSString+CZPath.m"; sourceTree = "<group>"; };
		AD6CFB221E19440C0064D06A /* UIButton+CZAddition.h */ = {isa = PBXFileReference; fileEncoding = 4; lastKnownFileType = sourcecode.c.h; path = "UIButton+CZAddition.h"; sourceTree = "<group>"; };
		AD6CFB231E19440C0064D06A /* UIButton+CZAddition.m */ = {isa = PBXFileReference; fileEncoding = 4; lastKnownFileType = sourcecode.c.objc; path = "UIButton+CZAddition.m"; sourceTree = "<group>"; };
		AD6CFB241E19440C0064D06A /* UIColor+CZAddition.h */ = {isa = PBXFileReference; fileEncoding = 4; lastKnownFileType = sourcecode.c.h; path = "UIColor+CZAddition.h"; sourceTree = "<group>"; };
		AD6CFB251E19440C0064D06A /* UIColor+CZAddition.m */ = {isa = PBXFileReference; fileEncoding = 4; lastKnownFileType = sourcecode.c.objc; path = "UIColor+CZAddition.m"; sourceTree = "<group>"; };
		AD6CFB261E19440C0064D06A /* UILabel+CZAddition.h */ = {isa = PBXFileReference; fileEncoding = 4; lastKnownFileType = sourcecode.c.h; path = "UILabel+CZAddition.h"; sourceTree = "<group>"; };
		AD6CFB271E19440C0064D06A /* UILabel+CZAddition.m */ = {isa = PBXFileReference; fileEncoding = 4; lastKnownFileType = sourcecode.c.objc; path = "UILabel+CZAddition.m"; sourceTree = "<group>"; };
		AD6CFB281E19440C0064D06A /* UIScreen+CZAddition.h */ = {isa = PBXFileReference; fileEncoding = 4; lastKnownFileType = sourcecode.c.h; path = "UIScreen+CZAddition.h"; sourceTree = "<group>"; };
		AD6CFB291E19440C0064D06A /* UIScreen+CZAddition.m */ = {isa = PBXFileReference; fileEncoding = 4; lastKnownFileType = sourcecode.c.objc; path = "UIScreen+CZAddition.m"; sourceTree = "<group>"; };
		AD6CFB2A1E19440C0064D06A /* UIView+CZAddition.h */ = {isa = PBXFileReference; fileEncoding = 4; lastKnownFileType = sourcecode.c.h; path = "UIView+CZAddition.h"; sourceTree = "<group>"; };
		AD6CFB2B1E19440C0064D06A /* UIView+CZAddition.m */ = {isa = PBXFileReference; fileEncoding = 4; lastKnownFileType = sourcecode.c.objc; path = "UIView+CZAddition.m"; sourceTree = "<group>"; };
		AD6CFB2C1E19440C0064D06A /* UIViewController+CZAddition.h */ = {isa = PBXFileReference; fileEncoding = 4; lastKnownFileType = sourcecode.c.h; path = "UIViewController+CZAddition.h"; sourceTree = "<group>"; };
		AD6CFB2D1E19440C0064D06A /* UIViewController+CZAddition.m */ = {isa = PBXFileReference; fileEncoding = 4; lastKnownFileType = sourcecode.c.objc; path = "UIViewController+CZAddition.m"; sourceTree = "<group>"; };
		AD877D961E0B72AB00299081 /* WeiBoTest_Bridge.h */ = {isa = PBXFileReference; lastKnownFileType = sourcecode.c.h; path = WeiBoTest_Bridge.h; sourceTree = "<group>"; };
		AD877D981E0B76E200299081 /* Bundle+Extension.swift */ = {isa = PBXFileReference; fileEncoding = 4; lastKnownFileType = sourcecode.swift; path = "Bundle+Extension.swift"; sourceTree = "<group>"; };
		AD877D9A1E0B825100299081 /* main.json */ = {isa = PBXFileReference; fileEncoding = 4; lastKnownFileType = text.json; path = main.json; sourceTree = "<group>"; };
		AD89B9C31E0AC29B00D20E72 /* WeiBoTest.app */ = {isa = PBXFileReference; explicitFileType = wrapper.application; includeInIndex = 0; path = WeiBoTest.app; sourceTree = BUILT_PRODUCTS_DIR; };
		AD89B9C61E0AC29B00D20E72 /* AppDelegate.swift */ = {isa = PBXFileReference; lastKnownFileType = sourcecode.swift; path = AppDelegate.swift; sourceTree = "<group>"; };
		AD89B9CD1E0AC29B00D20E72 /* Assets.xcassets */ = {isa = PBXFileReference; lastKnownFileType = folder.assetcatalog; path = Assets.xcassets; sourceTree = "<group>"; };
		AD89B9D21E0AC29B00D20E72 /* Info.plist */ = {isa = PBXFileReference; lastKnownFileType = text.plist.xml; path = Info.plist; sourceTree = "<group>"; };
		AD89B9E41E0AC9D900D20E72 /* DFMainViewController.swift */ = {isa = PBXFileReference; fileEncoding = 4; lastKnownFileType = sourcecode.swift; path = DFMainViewController.swift; sourceTree = "<group>"; };
		AD89B9E61E0ACA2100D20E72 /* DFNavigationViewController.swift */ = {isa = PBXFileReference; fileEncoding = 4; lastKnownFileType = sourcecode.swift; path = DFNavigationViewController.swift; sourceTree = "<group>"; };
		AD89B9E81E0ACA6700D20E72 /* DFBaseViewController.swift */ = {isa = PBXFileReference; fileEncoding = 4; lastKnownFileType = sourcecode.swift; path = DFBaseViewController.swift; sourceTree = "<group>"; };
		AD89B9EC1E0ACACF00D20E72 /* DFMessageViewController.swift */ = {isa = PBXFileReference; fileEncoding = 4; lastKnownFileType = sourcecode.swift; path = DFMessageViewController.swift; sourceTree = "<group>"; };
		AD89B9EE1E0ACAD800D20E72 /* DFDiscoverViewController.swift */ = {isa = PBXFileReference; fileEncoding = 4; lastKnownFileType = sourcecode.swift; path = DFDiscoverViewController.swift; sourceTree = "<group>"; };
		AD89B9F01E0ACAE200D20E72 /* DFProfileViewController.swift */ = {isa = PBXFileReference; fileEncoding = 4; lastKnownFileType = sourcecode.swift; path = DFProfileViewController.swift; sourceTree = "<group>"; };
		AD89B9F21E0ACB8D00D20E72 /* DFHomeViewController.swift */ = {isa = PBXFileReference; fileEncoding = 4; lastKnownFileType = sourcecode.swift; path = DFHomeViewController.swift; sourceTree = "<group>"; };
		AD8A37D61E330096007D6BC5 /* DFWebViewController.swift */ = {isa = PBXFileReference; fileEncoding = 4; lastKnownFileType = sourcecode.swift; path = DFWebViewController.swift; sourceTree = "<group>"; };
		AD8CB78B1E0FA55E00BA3CC3 /* DFVisitorView.swift */ = {isa = PBXFileReference; fileEncoding = 4; lastKnownFileType = sourcecode.swift; path = DFVisitorView.swift; sourceTree = "<group>"; };
		AD99A68B1E27876B002512E1 /* CZRefreshControl.swift */ = {isa = PBXFileReference; fileEncoding = 4; lastKnownFileType = sourcecode.swift; path = CZRefreshControl.swift; sourceTree = "<group>"; };
		AD9A27F51E11089500B1B4E3 /* DFNetwokrManager.swift */ = {isa = PBXFileReference; fileEncoding = 4; lastKnownFileType = sourcecode.swift; path = DFNetwokrManager.swift; sourceTree = "<group>"; };
		AD9A27F71E111B1800B1B4E3 /* DFNetworking+Extension.swift */ = {isa = PBXFileReference; fileEncoding = 4; lastKnownFileType = sourcecode.swift; path = "DFNetworking+Extension.swift"; sourceTree = "<group>"; };
		AD9B784A1E0CD12E002F6BEA /* DFDemoViewController.swift */ = {isa = PBXFileReference; fileEncoding = 4; lastKnownFileType = sourcecode.swift; path = DFDemoViewController.swift; sourceTree = "<group>"; };
		AD9B784E1E0CD7D2002F6BEA /* UIBarButtonItem+Extensions.swift */ = {isa = PBXFileReference; fileEncoding = 4; lastKnownFileType = sourcecode.swift; path = "UIBarButtonItem+Extensions.swift"; sourceTree = "<group>"; };
		AD9CFA261E13681A0014F870 /* WeBoTestCommond.swift */ = {isa = PBXFileReference; fileEncoding = 4; lastKnownFileType = sourcecode.swift; path = WeBoTestCommond.swift; sourceTree = "<group>"; };
		AD9CFA291E136B1F0014F870 /* DFOAuthViewController.swift */ = {isa = PBXFileReference; fileEncoding = 4; lastKnownFileType = sourcecode.swift; path = DFOAuthViewController.swift; sourceTree = "<group>"; };
		ADA0FF2C1E3447A80000A96B /* WBComposeTextView.swift */ = {isa = PBXFileReference; fileEncoding = 4; lastKnownFileType = sourcecode.swift; path = WBComposeTextView.swift; sourceTree = "<group>"; };
		ADA6E1AB1E2F2F2900E71880 /* DFComposeViewController.swift */ = {isa = PBXFileReference; fileEncoding = 4; lastKnownFileType = sourcecode.swift; path = DFComposeViewController.swift; sourceTree = "<group>"; };
		ADA6E1AC1E2F2F2900E71880 /* DFComposeViewController.xib */ = {isa = PBXFileReference; fileEncoding = 4; lastKnownFileType = file.xib; path = DFComposeViewController.xib; sourceTree = "<group>"; };
		ADA6E1AF1E2FAA4100E71880 /* String+Extersion.swift */ = {isa = PBXFileReference; fileEncoding = 4; lastKnownFileType = sourcecode.swift; path = "String+Extersion.swift"; sourceTree = "<group>"; };
		ADA8C3151E0E1E99001CA74E /* DFModalViewController.swift */ = {isa = PBXFileReference; fileEncoding = 4; lastKnownFileType = sourcecode.swift; path = DFModalViewController.swift; sourceTree = "<group>"; };
		ADAAEB0D1E2E03CF00B6F189 /* DFComposeTypeView.xib */ = {isa = PBXFileReference; fileEncoding = 4; lastKnownFileType = file.xib; path = DFComposeTypeView.xib; sourceTree = "<group>"; };
		ADAAEB0F1E2E10DE00B6F189 /* DFComposeTypeButton.swift */ = {isa = PBXFileReference; fileEncoding = 4; lastKnownFileType = sourcecode.swift; path = DFComposeTypeButton.swift; sourceTree = "<group>"; };
		ADAAEB111E2E10F800B6F189 /* DFComposeTypeButton.xib */ = {isa = PBXFileReference; fileEncoding = 4; lastKnownFileType = file.xib; path = DFComposeTypeButton.xib; sourceTree = "<group>"; };
		ADAB54D31E1234C200E0CCC5 /* DFStatue.swift */ = {isa = PBXFileReference; fileEncoding = 4; lastKnownFileType = sourcecode.swift; path = DFStatue.swift; sourceTree = "<group>"; };
		ADAB54D51E1234EB00E0CCC5 /* DFStatuesListViewModel.swift */ = {isa = PBXFileReference; fileEncoding = 4; lastKnownFileType = sourcecode.swift; path = DFStatuesListViewModel.swift; sourceTree = "<group>"; };
		ADAC9E691E2C87B8001A8303 /* CZHumanRefreshView.xib */ = {isa = PBXFileReference; fileEncoding = 4; lastKnownFileType = file.xib; path = CZHumanRefreshView.xib; sourceTree = "<group>"; };
		ADAE90E91E222A880046CCC0 /* DFStatusRetweetedCell.xib */ = {isa = PBXFileReference; fileEncoding = 4; lastKnownFileType = file.xib; path = DFStatusRetweetedCell.xib; sourceTree = "<group>"; };
		ADBF16271E2D1B8A0019AD2E /* CZMeituanRefreshView.swift */ = {isa = PBXFileReference; fileEncoding = 4; lastKnownFileType = sourcecode.swift; path = CZMeituanRefreshView.swift; sourceTree = "<group>"; };
		ADBF16281E2D1B8A0019AD2E /* CZMeituanRefreshView.xib */ = {isa = PBXFileReference; fileEncoding = 4; lastKnownFileType = file.xib; path = CZMeituanRefreshView.xib; sourceTree = "<group>"; };
		ADBF162D1E2D1F540019AD2E /* DFComposeTypeView.swift */ = {isa = PBXFileReference; fileEncoding = 4; lastKnownFileType = sourcecode.swift; path = DFComposeTypeView.swift; sourceTree = "<group>"; };
		ADC2BC301E31EBA200F91140 /* CZEmoticonManager.swift */ = {isa = PBXFileReference; fileEncoding = 4; lastKnownFileType = sourcecode.swift; path = CZEmoticonManager.swift; sourceTree = "<group>"; };
		ADC2BC311E31EBA300F91140 /* HMEmoticon.bundle */ = {isa = PBXFileReference; lastKnownFileType = "wrapper.plug-in"; path = HMEmoticon.bundle; sourceTree = "<group>"; };
		ADC2BC331E31EBA300F91140 /* CZEmoticon.swift */ = {isa = PBXFileReference; fileEncoding = 4; lastKnownFileType = sourcecode.swift; path = CZEmoticon.swift; sourceTree = "<group>"; };
		ADC2BC341E31EBA300F91140 /* CZEmoticonPackage.swift */ = {isa = PBXFileReference; fileEncoding = 4; lastKnownFileType = sourcecode.swift; path = CZEmoticonPackage.swift; sourceTree = "<group>"; };
		ADC87CCF1E31F6390032FE25 /* NSArray+CZAddition.h */ = {isa = PBXFileReference; fileEncoding = 4; lastKnownFileType = sourcecode.c.h; path = "NSArray+CZAddition.h"; sourceTree = "<group>"; };
		ADC87CD01E31F6390032FE25 /* NSArray+CZAddition.m */ = {isa = PBXFileReference; fileEncoding = 4; lastKnownFileType = sourcecode.c.objc; path = "NSArray+CZAddition.m"; sourceTree = "<group>"; };
		ADC87CD11E31F6390032FE25 /* NSObject+CZAddition.h */ = {isa = PBXFileReference; fileEncoding = 4; lastKnownFileType = sourcecode.c.h; path = "NSObject+CZAddition.h"; sourceTree = "<group>"; };
		ADC87CD21E31F6390032FE25 /* NSObject+CZAddition.m */ = {isa = PBXFileReference; fileEncoding = 4; lastKnownFileType = sourcecode.c.objc; path = "NSObject+CZAddition.m"; sourceTree = "<group>"; };
		ADFA2ECB1E32F2D2007DFBA8 /* FFLabel.swift */ = {isa = PBXFileReference; fileEncoding = 4; lastKnownFileType = sourcecode.swift; path = FFLabel.swift; sourceTree = "<group>"; };
		B4D222A027863A6EFFC0BA20 /* Pods_WeiBoTest.framework */ = {isa = PBXFileReference; explicitFileType = wrapper.framework; includeInIndex = 0; path = Pods_WeiBoTest.framework; sourceTree = BUILT_PRODUCTS_DIR; };
/* End PBXFileReference section */

/* Begin PBXFrameworksBuildPhase section */
		AD89B9C01E0AC29B00D20E72 /* Frameworks */ = {
			isa = PBXFrameworksBuildPhase;
			buildActionMask = 2147483647;
			files = (
				C9E32DCED09678901ACA536F /* Pods_WeiBoTest.framework in Frameworks */,
			);
			runOnlyForDeploymentPostprocessing = 0;
		};
/* End PBXFrameworksBuildPhase section */

/* Begin PBXGroup section */
		64BCF6A267201AF2EA0EC658 /* Frameworks */ = {
			isa = PBXGroup;
			children = (
				B4D222A027863A6EFFC0BA20 /* Pods_WeiBoTest.framework */,
			);
			name = Frameworks;
			sourceTree = "<group>";
		};
		AD6829DF1E1A3FBB001C8074 /* TitleButton */ = {
			isa = PBXGroup;
			children = (
				AD6829E01E1A3FE7001C8074 /* DFTitleButton.swift */,
			);
			path = TitleButton;
			sourceTree = "<group>";
		};
		AD6829E31E1A4936001C8074 /* NewFeature */ = {
			isa = PBXGroup;
			children = (
				AD6829E41E1A4C36001C8074 /* DFNewFeatureView.swift */,
				AD44B5E11E1A91310003E14B /* DFNewFeatureView.xib */,
				AD6829E61E1A4C4A001C8074 /* DFWelecomView.swift */,
				AD6829E81E1A59B7001C8074 /* DFWelecomView.xib */,
			);
			path = NewFeature;
			sourceTree = "<group>";
		};
		AD6A8E4F1E208BCD00804B2A /* StatusCell */ = {
			isa = PBXGroup;
			children = (
				AD6A8E551E2097F700804B2A /* DFStatusCell.swift */,
				AD6A8E5F1E21155000804B2A /* DFStatusToolBar.swift */,
				AD6A8E611E211F1B00804B2A /* DFStatusPictureView.swift */,
				AD6A8E531E208C1100804B2A /* DFStatusNormalCell.xib */,
				ADAE90E91E222A880046CCC0 /* DFStatusRetweetedCell.xib */,
			);
			path = StatusCell;
			sourceTree = "<group>";
		};
		AD6CFB121E19332C0064D06A /* Model */ = {
			isa = PBXGroup;
			children = (
				AD6CFB131E1933560064D06A /* DFUserAccount.swift */,
			);
			path = Model;
			sourceTree = "<group>";
		};
		AD877D791E0B727F00299081 /* CZAdditions */ = {
			isa = PBXGroup;
			children = (
				AD6CFB151E19440C0064D06A /* CZAdditions.h */,
				ADC87CCF1E31F6390032FE25 /* NSArray+CZAddition.h */,
				ADC87CD01E31F6390032FE25 /* NSArray+CZAddition.m */,
				ADC87CD11E31F6390032FE25 /* NSObject+CZAddition.h */,
				ADC87CD21E31F6390032FE25 /* NSObject+CZAddition.m */,
				AD6CFB161E19440C0064D06A /* NSArray+Log.h */,
				AD6CFB171E19440C0064D06A /* NSArray+Log.m */,
				AD6CFB181E19440C0064D06A /* NSAttributedString+CZAdditon.h */,
				AD6CFB191E19440C0064D06A /* NSAttributedString+CZAdditon.m */,
				AD6CFB1A1E19440C0064D06A /* NSObject+CZRuntime.h */,
				AD6CFB1B1E19440C0064D06A /* NSObject+CZRuntime.m */,
				AD6CFB1C1E19440C0064D06A /* NSString+CZBase64.h */,
				AD6CFB1D1E19440C0064D06A /* NSString+CZBase64.m */,
				AD6CFB1E1E19440C0064D06A /* NSString+CZHash.h */,
				AD6CFB1F1E19440C0064D06A /* NSString+CZHash.m */,
				AD6CFB201E19440C0064D06A /* NSString+CZPath.h */,
				AD6CFB211E19440C0064D06A /* NSString+CZPath.m */,
				AD6CFB221E19440C0064D06A /* UIButton+CZAddition.h */,
				AD6CFB231E19440C0064D06A /* UIButton+CZAddition.m */,
				AD6CFB241E19440C0064D06A /* UIColor+CZAddition.h */,
				AD6CFB251E19440C0064D06A /* UIColor+CZAddition.m */,
				AD6CFB261E19440C0064D06A /* UILabel+CZAddition.h */,
				AD6CFB271E19440C0064D06A /* UILabel+CZAddition.m */,
				AD6CFB281E19440C0064D06A /* UIScreen+CZAddition.h */,
				AD6CFB291E19440C0064D06A /* UIScreen+CZAddition.m */,
				AD6CFB2A1E19440C0064D06A /* UIView+CZAddition.h */,
				AD6CFB2B1E19440C0064D06A /* UIView+CZAddition.m */,
				AD6CFB2C1E19440C0064D06A /* UIViewController+CZAddition.h */,
				AD6CFB2D1E19440C0064D06A /* UIViewController+CZAddition.m */,
			);
			path = CZAdditions;
			sourceTree = "<group>";
		};
		AD877D971E0B763300299081 /* Extension */ = {
			isa = PBXGroup;
			children = (
				AD877D981E0B76E200299081 /* Bundle+Extension.swift */,
				AD9B784E1E0CD7D2002F6BEA /* UIBarButtonItem+Extensions.swift */,
				AD6A8E5B1E20CF6000804B2A /* UIImageView+WebImage.swift */,
				AD6A8E5D1E20D19E00804B2A /* UIImage+Extensions.swift */,
				ADA6E1AF1E2FAA4100E71880 /* String+Extersion.swift */,
			);
			path = Extension;
			sourceTree = "<group>";
		};
		AD89B9BA1E0AC29B00D20E72 = {
			isa = PBXGroup;
			children = (
				AD89B9C51E0AC29B00D20E72 /* WeiBoTest */,
				AD89B9C41E0AC29B00D20E72 /* Products */,
				FC6DFACCAA95AA20606015C8 /* Pods */,
				64BCF6A267201AF2EA0EC658 /* Frameworks */,
			);
			sourceTree = "<group>";
		};
		AD89B9C41E0AC29B00D20E72 /* Products */ = {
			isa = PBXGroup;
			children = (
				AD89B9C31E0AC29B00D20E72 /* WeiBoTest.app */,
			);
			name = Products;
			sourceTree = "<group>";
		};
		AD89B9C51E0AC29B00D20E72 /* WeiBoTest */ = {
			isa = PBXGroup;
			children = (
				AD89B9D81E0AC82000D20E72 /* Classes */,
				AD89B9C61E0AC29B00D20E72 /* AppDelegate.swift */,
				AD877D961E0B72AB00299081 /* WeiBoTest_Bridge.h */,
				AD89B9CD1E0AC29B00D20E72 /* Assets.xcassets */,
				AD89B9D21E0AC29B00D20E72 /* Info.plist */,
			);
			path = WeiBoTest;
			sourceTree = "<group>";
		};
		AD89B9D81E0AC82000D20E72 /* Classes */ = {
			isa = PBXGroup;
			children = (
				AD89B9DB1E0AC82000D20E72 /* View(视图和控制器) */,
				AD89B9E01E0AC82000D20E72 /* ViewModel(视图模型) */,
				AD89B9D91E0AC82000D20E72 /* Model(模型) */,
				AD89B9DA1E0AC82000D20E72 /* Tools(工具) */,
			);
			path = Classes;
			sourceTree = "<group>";
		};
		AD89B9D91E0AC82000D20E72 /* Model(模型) */ = {
			isa = PBXGroup;
			children = (
				ADAB54D31E1234C200E0CCC5 /* DFStatue.swift */,
				AD6A8E571E209D0700804B2A /* DFUser.swift */,
				AD6A8E631E21265600804B2A /* DFStatusPicture.swift */,
			);
			path = "Model(模型)";
			sourceTree = "<group>";
		};
		AD89B9DA1E0AC82000D20E72 /* Tools(工具) */ = {
			isa = PBXGroup;
			children = (
				AD99A6891E27874F002512E1 /* UI框架 */,
				AD9A27F41E10FCCD00B1B4E3 /* Network */,
				AD877D971E0B763300299081 /* Extension */,
				AD877D791E0B727F00299081 /* CZAdditions */,
				AD9CFA261E13681A0014F870 /* WeBoTestCommond.swift */,
			);
			path = "Tools(工具)";
			sourceTree = "<group>";
		};
		AD89B9DB1E0AC82000D20E72 /* View(视图和控制器) */ = {
			isa = PBXGroup;
			children = (
				ADBF162B1E2D1F0E0019AD2E /* Compose(撰写微博) */,
				AD89B9DE1E0AC82000D20E72 /* Main(主要的) */,
				AD89B9DD1E0AC82000D20E72 /* Home */,
				AD89B9E11E0AC84C00D20E72 /* Message */,
				AD89B9DC1E0AC82000D20E72 /* Discover */,
				AD89B9DF1E0AC82000D20E72 /* Profile */,
			);
			path = "View(视图和控制器)";
			sourceTree = "<group>";
		};
		AD89B9DC1E0AC82000D20E72 /* Discover */ = {
			isa = PBXGroup;
			children = (
				AD89B9EE1E0ACAD800D20E72 /* DFDiscoverViewController.swift */,
			);
			path = Discover;
			sourceTree = "<group>";
		};
		AD89B9DD1E0AC82000D20E72 /* Home */ = {
			isa = PBXGroup;
			children = (
				AD6A8E4F1E208BCD00804B2A /* StatusCell */,
				AD6829E31E1A4936001C8074 /* NewFeature */,
				AD6829DF1E1A3FBB001C8074 /* TitleButton */,
				AD89B9F21E0ACB8D00D20E72 /* DFHomeViewController.swift */,
				AD9B784A1E0CD12E002F6BEA /* DFDemoViewController.swift */,
				ADA8C3151E0E1E99001CA74E /* DFModalViewController.swift */,
				AD8A37D61E330096007D6BC5 /* DFWebViewController.swift */,
			);
			path = Home;
			sourceTree = "<group>";
		};
		AD89B9DE1E0AC82000D20E72 /* Main(主要的) */ = {
			isa = PBXGroup;
			children = (
				AD8CB7891E0FA51400BA3CC3 /* 主控制器 */,
				AD8CB78A1E0FA54100BA3CC3 /* VisitorView(访客视图) */,
				AD9CFA281E136AFD0014F870 /* OAuth(授权) */,
			);
			name = "Main(主要的)";
			path = Main;
			sourceTree = "<group>";
		};
		AD89B9DF1E0AC82000D20E72 /* Profile */ = {
			isa = PBXGroup;
			children = (
				AD89B9F01E0ACAE200D20E72 /* DFProfileViewController.swift */,
			);
			path = Profile;
			sourceTree = "<group>";
		};
		AD89B9E01E0AC82000D20E72 /* ViewModel(视图模型) */ = {
			isa = PBXGroup;
			children = (
				ADAB54D51E1234EB00E0CCC5 /* DFStatuesListViewModel.swift */,
				AD6A8E591E20AC1300804B2A /* DFStatuesViewModel.swift */,
			);
			path = "ViewModel(视图模型)";
			sourceTree = "<group>";
		};
		AD89B9E11E0AC84C00D20E72 /* Message */ = {
			isa = PBXGroup;
			children = (
				AD89B9EC1E0ACACF00D20E72 /* DFMessageViewController.swift */,
			);
			path = Message;
			sourceTree = "<group>";
		};
		AD8CB7891E0FA51400BA3CC3 /* 主控制器 */ = {
			isa = PBXGroup;
			children = (
				AD877D9A1E0B825100299081 /* main.json */,
				AD89B9E41E0AC9D900D20E72 /* DFMainViewController.swift */,
				AD89B9E61E0ACA2100D20E72 /* DFNavigationViewController.swift */,
				AD89B9E81E0ACA6700D20E72 /* DFBaseViewController.swift */,
			);
			name = "主控制器";
			sourceTree = "<group>";
		};
		AD8CB78A1E0FA54100BA3CC3 /* VisitorView(访客视图) */ = {
			isa = PBXGroup;
			children = (
				AD8CB78B1E0FA55E00BA3CC3 /* DFVisitorView.swift */,
			);
			name = "VisitorView(访客视图)";
			sourceTree = "<group>";
		};
		AD99A6891E27874F002512E1 /* UI框架 */ = {
			isa = PBXGroup;
			children = (
				ADFA2ECA1E32F2D2007DFBA8 /* FFLabel */,
				ADC2BC2F1E31EBA200F91140 /* Emoticon */,
				AD99A68A1E27874F002512E1 /* CZRefreshControl */,
			);
			path = "UI框架";
			sourceTree = "<group>";
		};
		AD99A68A1E27874F002512E1 /* CZRefreshControl */ = {
			isa = PBXGroup;
			children = (
				ADBF16271E2D1B8A0019AD2E /* CZMeituanRefreshView.swift */,
				ADBF16281E2D1B8A0019AD2E /* CZMeituanRefreshView.xib */,
				ADAC9E691E2C87B8001A8303 /* CZHumanRefreshView.xib */,
				AD4B7B7A1E2A3E3B003CEB47 /* CZRefreshView.swift */,
				AD4B7B7B1E2A3E3B003CEB47 /* CZRefreshView.xib */,
				AD99A68B1E27876B002512E1 /* CZRefreshControl.swift */,
			);
			path = CZRefreshControl;
			sourceTree = "<group>";
		};
		AD9A27F41E10FCCD00B1B4E3 /* Network */ = {
			isa = PBXGroup;
			children = (
				AD6CFB121E19332C0064D06A /* Model */,
				AD9A27F51E11089500B1B4E3 /* DFNetwokrManager.swift */,
				AD9A27F71E111B1800B1B4E3 /* DFNetworking+Extension.swift */,
			);
			path = Network;
			sourceTree = "<group>";
		};
		AD9CFA281E136AFD0014F870 /* OAuth(授权) */ = {
			isa = PBXGroup;
			children = (
				AD9CFA291E136B1F0014F870 /* DFOAuthViewController.swift */,
			);
			name = "OAuth(授权)";
			path = OAuth;
			sourceTree = "<group>";
		};
		ADA0FF2B1E3447940000A96B /* View */ = {
			isa = PBXGroup;
			children = (
				ADA0FF2C1E3447A80000A96B /* WBComposeTextView.swift */,
			);
			path = View;
			sourceTree = "<group>";
		};
		ADBF162B1E2D1F0E0019AD2E /* Compose(撰写微博) */ = {
			isa = PBXGroup;
			children = (
				ADA0FF2B1E3447940000A96B /* View */,
				ADBF162C1E2D1F0E0019AD2E /* ComposeType */,
				ADA6E1AB1E2F2F2900E71880 /* DFComposeViewController.swift */,
				ADA6E1AC1E2F2F2900E71880 /* DFComposeViewController.xib */,
			);
			name = "Compose(撰写微博)";
			path = Compose;
			sourceTree = "<group>";
		};
		ADBF162C1E2D1F0E0019AD2E /* ComposeType */ = {
			isa = PBXGroup;
			children = (
				ADBF162D1E2D1F540019AD2E /* DFComposeTypeView.swift */,
				ADAAEB0D1E2E03CF00B6F189 /* DFComposeTypeView.xib */,
				ADAAEB0F1E2E10DE00B6F189 /* DFComposeTypeButton.swift */,
				ADAAEB111E2E10F800B6F189 /* DFComposeTypeButton.xib */,
			);
			path = ComposeType;
			sourceTree = "<group>";
		};
		ADC2BC2F1E31EBA200F91140 /* Emoticon */ = {
			isa = PBXGroup;
			children = (
				ADC2BC301E31EBA200F91140 /* CZEmoticonManager.swift */,
				ADC2BC311E31EBA300F91140 /* HMEmoticon.bundle */,
				ADC2BC321E31EBA300F91140 /* Model */,
			);
			path = Emoticon;
			sourceTree = "<group>";
		};
		ADC2BC321E31EBA300F91140 /* Model */ = {
			isa = PBXGroup;
			children = (
				ADC2BC331E31EBA300F91140 /* CZEmoticon.swift */,
				ADC2BC341E31EBA300F91140 /* CZEmoticonPackage.swift */,
			);
			path = Model;
			sourceTree = "<group>";
		};
		ADFA2ECA1E32F2D2007DFBA8 /* FFLabel */ = {
			isa = PBXGroup;
			children = (
				ADFA2ECB1E32F2D2007DFBA8 /* FFLabel.swift */,
			);
			path = FFLabel;
			sourceTree = "<group>";
		};
		FC6DFACCAA95AA20606015C8 /* Pods */ = {
			isa = PBXGroup;
			children = (
				4AF718AD705ED045705C27A5 /* Pods-WeiBoTest.debug.xcconfig */,
				5CA185177CF14B93DFF61D7F /* Pods-WeiBoTest.release.xcconfig */,
			);
			name = Pods;
			sourceTree = "<group>";
		};
/* End PBXGroup section */

/* Begin PBXNativeTarget section */
		AD89B9C21E0AC29B00D20E72 /* WeiBoTest */ = {
			isa = PBXNativeTarget;
			buildConfigurationList = AD89B9D51E0AC29B00D20E72 /* Build configuration list for PBXNativeTarget "WeiBoTest" */;
			buildPhases = (
				9817CBC946A20CC1E9C54621 /* [CP] Check Pods Manifest.lock */,
				AD89B9BF1E0AC29B00D20E72 /* Sources */,
				AD89B9C01E0AC29B00D20E72 /* Frameworks */,
				AD89B9C11E0AC29B00D20E72 /* Resources */,
				0092ED17997BE02DDBD0AE75 /* [CP] Embed Pods Frameworks */,
				7A35BE76EFA57F4566D7BDE2 /* [CP] Copy Pods Resources */,
			);
			buildRules = (
			);
			dependencies = (
			);
			name = WeiBoTest;
			productName = WeiBoTest;
			productReference = AD89B9C31E0AC29B00D20E72 /* WeiBoTest.app */;
			productType = "com.apple.product-type.application";
		};
/* End PBXNativeTarget section */

/* Begin PBXProject section */
		AD89B9BB1E0AC29B00D20E72 /* Project object */ = {
			isa = PBXProject;
			attributes = {
				CLASSPREFIX = DF;
				LastSwiftUpdateCheck = 0820;
				LastUpgradeCheck = 0820;
				ORGANIZATIONNAME = dfd;
				TargetAttributes = {
					AD89B9C21E0AC29B00D20E72 = {
						CreatedOnToolsVersion = 8.2;
						DevelopmentTeam = 6EM7RHL4TV;
						ProvisioningStyle = Automatic;
					};
				};
			};
			buildConfigurationList = AD89B9BE1E0AC29B00D20E72 /* Build configuration list for PBXProject "WeiBoTest" */;
			compatibilityVersion = "Xcode 3.2";
			developmentRegion = English;
			hasScannedForEncodings = 0;
			knownRegions = (
				en,
				Base,
			);
			mainGroup = AD89B9BA1E0AC29B00D20E72;
			productRefGroup = AD89B9C41E0AC29B00D20E72 /* Products */;
			projectDirPath = "";
			projectRoot = "";
			targets = (
				AD89B9C21E0AC29B00D20E72 /* WeiBoTest */,
			);
		};
/* End PBXProject section */

/* Begin PBXResourcesBuildPhase section */
		AD89B9C11E0AC29B00D20E72 /* Resources */ = {
			isa = PBXResourcesBuildPhase;
			buildActionMask = 2147483647;
			files = (
				AD44B5E21E1A91310003E14B /* DFNewFeatureView.xib in Resources */,
				AD4B7B7D1E2A3E3B003CEB47 /* CZRefreshView.xib in Resources */,
				AD877D9B1E0B825100299081 /* main.json in Resources */,
				ADAAEB0E1E2E03CF00B6F189 /* DFComposeTypeView.xib in Resources */,
				ADBF162A1E2D1B8A0019AD2E /* CZMeituanRefreshView.xib in Resources */,
				ADAAEB121E2E10F800B6F189 /* DFComposeTypeButton.xib in Resources */,
				AD6829E91E1A59B7001C8074 /* DFWelecomView.xib in Resources */,
				ADC2BC361E31EBA300F91140 /* HMEmoticon.bundle in Resources */,
				ADA6E1AE1E2F2F2900E71880 /* DFComposeViewController.xib in Resources */,
				AD6A8E541E208C1100804B2A /* DFStatusNormalCell.xib in Resources */,
				AD89B9CE1E0AC29B00D20E72 /* Assets.xcassets in Resources */,
				ADAE90EA1E222A880046CCC0 /* DFStatusRetweetedCell.xib in Resources */,
				ADAC9E6A1E2C87B8001A8303 /* CZHumanRefreshView.xib in Resources */,
			);
			runOnlyForDeploymentPostprocessing = 0;
		};
/* End PBXResourcesBuildPhase section */

/* Begin PBXShellScriptBuildPhase section */
		0092ED17997BE02DDBD0AE75 /* [CP] Embed Pods Frameworks */ = {
			isa = PBXShellScriptBuildPhase;
			buildActionMask = 2147483647;
			files = (
			);
			inputPaths = (
			);
			name = "[CP] Embed Pods Frameworks";
			outputPaths = (
			);
			runOnlyForDeploymentPostprocessing = 0;
			shellPath = /bin/sh;
			shellScript = "\"${SRCROOT}/Pods/Target Support Files/Pods-WeiBoTest/Pods-WeiBoTest-frameworks.sh\"\n";
			showEnvVarsInLog = 0;
		};
		7A35BE76EFA57F4566D7BDE2 /* [CP] Copy Pods Resources */ = {
			isa = PBXShellScriptBuildPhase;
			buildActionMask = 2147483647;
			files = (
			);
			inputPaths = (
			);
			name = "[CP] Copy Pods Resources";
			outputPaths = (
			);
			runOnlyForDeploymentPostprocessing = 0;
			shellPath = /bin/sh;
			shellScript = "\"${SRCROOT}/Pods/Target Support Files/Pods-WeiBoTest/Pods-WeiBoTest-resources.sh\"\n";
			showEnvVarsInLog = 0;
		};
		9817CBC946A20CC1E9C54621 /* [CP] Check Pods Manifest.lock */ = {
			isa = PBXShellScriptBuildPhase;
			buildActionMask = 2147483647;
			files = (
			);
			inputPaths = (
			);
			name = "[CP] Check Pods Manifest.lock";
			outputPaths = (
			);
			runOnlyForDeploymentPostprocessing = 0;
			shellPath = /bin/sh;
			shellScript = "diff \"${PODS_ROOT}/../Podfile.lock\" \"${PODS_ROOT}/Manifest.lock\" > /dev/null\nif [ $? != 0 ] ; then\n    # print error to STDERR\n    echo \"error: The sandbox is not in sync with the Podfile.lock. Run 'pod install' or update your CocoaPods installation.\" >&2\n    exit 1\nfi\n";
			showEnvVarsInLog = 0;
		};
/* End PBXShellScriptBuildPhase section */

/* Begin PBXSourcesBuildPhase section */
		AD89B9BF1E0AC29B00D20E72 /* Sources */ = {
			isa = PBXSourcesBuildPhase;
			buildActionMask = 2147483647;
			files = (
				AD6CFB351E19440C0064D06A /* UIColor+CZAddition.m in Sources */,
				AD9A27F81E111B1800B1B4E3 /* DFNetworking+Extension.swift in Sources */,
				AD6A8E601E21155000804B2A /* DFStatusToolBar.swift in Sources */,
				AD877D991E0B76E200299081 /* Bundle+Extension.swift in Sources */,
				AD89B9E71E0ACA2100D20E72 /* DFNavigationViewController.swift in Sources */,
				AD6CFB311E19440C0064D06A /* NSString+CZBase64.m in Sources */,
				AD8A37D71E330096007D6BC5 /* DFWebViewController.swift in Sources */,
				ADA6E1B01E2FAA4100E71880 /* String+Extersion.swift in Sources */,
				AD9B784B1E0CD12E002F6BEA /* DFDemoViewController.swift in Sources */,
				AD6A8E581E209D0700804B2A /* DFUser.swift in Sources */,
				AD6A8E5E1E20D19E00804B2A /* UIImage+Extensions.swift in Sources */,
				AD6829E71E1A4C4A001C8074 /* DFWelecomView.swift in Sources */,
				AD6CFB301E19440C0064D06A /* NSObject+CZRuntime.m in Sources */,
				AD89B9E91E0ACA6700D20E72 /* DFBaseViewController.swift in Sources */,
				AD6CFB321E19440C0064D06A /* NSString+CZHash.m in Sources */,
				AD6A8E641E21265600804B2A /* DFStatusPicture.swift in Sources */,
				AD6CFB391E19440C0064D06A /* UIViewController+CZAddition.m in Sources */,
				ADBF16291E2D1B8A0019AD2E /* CZMeituanRefreshView.swift in Sources */,
				ADAB54D41E1234C200E0CCC5 /* DFStatue.swift in Sources */,
				AD6CFB371E19440C0064D06A /* UIScreen+CZAddition.m in Sources */,
				ADAAEB101E2E10DE00B6F189 /* DFComposeTypeButton.swift in Sources */,
				ADA0FF2D1E3447A80000A96B /* WBComposeTextView.swift in Sources */,
				ADFA2ECC1E32F2D2007DFBA8 /* FFLabel.swift in Sources */,
				AD6CFB141E1933560064D06A /* DFUserAccount.swift in Sources */,
				AD89B9F11E0ACAE200D20E72 /* DFProfileViewController.swift in Sources */,
				AD6CFB331E19440C0064D06A /* NSString+CZPath.m in Sources */,
				AD6CFB381E19440C0064D06A /* UIView+CZAddition.m in Sources */,
				ADAB54D61E1234EB00E0CCC5 /* DFStatuesListViewModel.swift in Sources */,
				ADBF162E1E2D1F540019AD2E /* DFComposeTypeView.swift in Sources */,
				ADA8C3161E0E1E99001CA74E /* DFModalViewController.swift in Sources */,
				ADC87CD31E31F6390032FE25 /* NSArray+CZAddition.m in Sources */,
				AD9B784F1E0CD7D2002F6BEA /* UIBarButtonItem+Extensions.swift in Sources */,
				AD89B9C71E0AC29B00D20E72 /* AppDelegate.swift in Sources */,
				AD6A8E5C1E20CF6000804B2A /* UIImageView+WebImage.swift in Sources */,
				ADC87CD41E31F6390032FE25 /* NSObject+CZAddition.m in Sources */,
				AD6829E11E1A3FE7001C8074 /* DFTitleButton.swift in Sources */,
				AD89B9E51E0AC9D900D20E72 /* DFMainViewController.swift in Sources */,
				AD89B9ED1E0ACACF00D20E72 /* DFMessageViewController.swift in Sources */,
				AD9CFA2A1E136B1F0014F870 /* DFOAuthViewController.swift in Sources */,
				ADC2BC371E31EBA300F91140 /* CZEmoticon.swift in Sources */,
				AD6CFB2E1E19440C0064D06A /* NSArray+Log.m in Sources */,
				AD9CFA271E13681A0014F870 /* WeBoTestCommond.swift in Sources */,
				AD6A8E5A1E20AC1300804B2A /* DFStatuesViewModel.swift in Sources */,
				AD89B9EF1E0ACAD800D20E72 /* DFDiscoverViewController.swift in Sources */,
				AD6CFB341E19440C0064D06A /* UIButton+CZAddition.m in Sources */,
				ADA6E1AD1E2F2F2900E71880 /* DFComposeViewController.swift in Sources */,
				AD6829E51E1A4C36001C8074 /* DFNewFeatureView.swift in Sources */,
				AD6CFB361E19440C0064D06A /* UILabel+CZAddition.m in Sources */,
				ADC2BC381E31EBA300F91140 /* CZEmoticonPackage.swift in Sources */,
				AD6A8E621E211F1B00804B2A /* DFStatusPictureView.swift in Sources */,
				AD4B7B7C1E2A3E3B003CEB47 /* CZRefreshView.swift in Sources */,
				AD99A68C1E27876B002512E1 /* CZRefreshControl.swift in Sources */,
				AD6A8E561E2097F700804B2A /* DFStatusCell.swift in Sources */,
				AD6CFB2F1E19440C0064D06A /* NSAttributedString+CZAdditon.m in Sources */,
				ADC2BC351E31EBA300F91140 /* CZEmoticonManager.swift in Sources */,
				AD8CB78C1E0FA55E00BA3CC3 /* DFVisitorView.swift in Sources */,
				AD89B9F31E0ACB8D00D20E72 /* DFHomeViewController.swift in Sources */,
				AD9A27F61E11089500B1B4E3 /* DFNetwokrManager.swift in Sources */,
			);
			runOnlyForDeploymentPostprocessing = 0;
		};
/* End PBXSourcesBuildPhase section */

/* Begin XCBuildConfiguration section */
		AD89B9D31E0AC29B00D20E72 /* Debug */ = {
			isa = XCBuildConfiguration;
			buildSettings = {
				ALWAYS_SEARCH_USER_PATHS = NO;
				CLANG_ANALYZER_NONNULL = YES;
				CLANG_CXX_LANGUAGE_STANDARD = "gnu++0x";
				CLANG_CXX_LIBRARY = "libc++";
				CLANG_ENABLE_MODULES = YES;
				CLANG_ENABLE_OBJC_ARC = YES;
				CLANG_WARN_BOOL_CONVERSION = YES;
				CLANG_WARN_CONSTANT_CONVERSION = YES;
				CLANG_WARN_DIRECT_OBJC_ISA_USAGE = YES_ERROR;
				CLANG_WARN_DOCUMENTATION_COMMENTS = YES;
				CLANG_WARN_EMPTY_BODY = YES;
				CLANG_WARN_ENUM_CONVERSION = YES;
				CLANG_WARN_INFINITE_RECURSION = YES;
				CLANG_WARN_INT_CONVERSION = YES;
				CLANG_WARN_OBJC_ROOT_CLASS = YES_ERROR;
				CLANG_WARN_SUSPICIOUS_MOVE = YES;
				CLANG_WARN_UNREACHABLE_CODE = YES;
				CLANG_WARN__DUPLICATE_METHOD_MATCH = YES;
				"CODE_SIGN_IDENTITY[sdk=iphoneos*]" = "iPhone Developer";
				COPY_PHASE_STRIP = NO;
				DEBUG_INFORMATION_FORMAT = dwarf;
				ENABLE_STRICT_OBJC_MSGSEND = YES;
				ENABLE_TESTABILITY = YES;
				GCC_C_LANGUAGE_STANDARD = gnu99;
				GCC_DYNAMIC_NO_PIC = NO;
				GCC_NO_COMMON_BLOCKS = YES;
				GCC_OPTIMIZATION_LEVEL = 0;
				GCC_PREPROCESSOR_DEFINITIONS = (
					"DEBUG=1",
					"$(inherited)",
				);
				GCC_WARN_64_TO_32_BIT_CONVERSION = YES;
				GCC_WARN_ABOUT_RETURN_TYPE = YES_ERROR;
				GCC_WARN_UNDECLARED_SELECTOR = YES;
				GCC_WARN_UNINITIALIZED_AUTOS = YES_AGGRESSIVE;
				GCC_WARN_UNUSED_FUNCTION = YES;
				GCC_WARN_UNUSED_VARIABLE = YES;
				IPHONEOS_DEPLOYMENT_TARGET = 10.2;
				MTL_ENABLE_DEBUG_INFO = YES;
				ONLY_ACTIVE_ARCH = YES;
				SDKROOT = iphoneos;
				SWIFT_ACTIVE_COMPILATION_CONDITIONS = DEBUG;
				SWIFT_OPTIMIZATION_LEVEL = "-Onone";
			};
			name = Debug;
		};
		AD89B9D41E0AC29B00D20E72 /* Release */ = {
			isa = XCBuildConfiguration;
			buildSettings = {
				ALWAYS_SEARCH_USER_PATHS = NO;
				CLANG_ANALYZER_NONNULL = YES;
				CLANG_CXX_LANGUAGE_STANDARD = "gnu++0x";
				CLANG_CXX_LIBRARY = "libc++";
				CLANG_ENABLE_MODULES = YES;
				CLANG_ENABLE_OBJC_ARC = YES;
				CLANG_WARN_BOOL_CONVERSION = YES;
				CLANG_WARN_CONSTANT_CONVERSION = YES;
				CLANG_WARN_DIRECT_OBJC_ISA_USAGE = YES_ERROR;
				CLANG_WARN_DOCUMENTATION_COMMENTS = YES;
				CLANG_WARN_EMPTY_BODY = YES;
				CLANG_WARN_ENUM_CONVERSION = YES;
				CLANG_WARN_INFINITE_RECURSION = YES;
				CLANG_WARN_INT_CONVERSION = YES;
				CLANG_WARN_OBJC_ROOT_CLASS = YES_ERROR;
				CLANG_WARN_SUSPICIOUS_MOVE = YES;
				CLANG_WARN_UNREACHABLE_CODE = YES;
				CLANG_WARN__DUPLICATE_METHOD_MATCH = YES;
				"CODE_SIGN_IDENTITY[sdk=iphoneos*]" = "iPhone Developer";
				COPY_PHASE_STRIP = NO;
				DEBUG_INFORMATION_FORMAT = "dwarf-with-dsym";
				ENABLE_NS_ASSERTIONS = NO;
				ENABLE_STRICT_OBJC_MSGSEND = YES;
				GCC_C_LANGUAGE_STANDARD = gnu99;
				GCC_NO_COMMON_BLOCKS = YES;
				GCC_WARN_64_TO_32_BIT_CONVERSION = YES;
				GCC_WARN_ABOUT_RETURN_TYPE = YES_ERROR;
				GCC_WARN_UNDECLARED_SELECTOR = YES;
				GCC_WARN_UNINITIALIZED_AUTOS = YES_AGGRESSIVE;
				GCC_WARN_UNUSED_FUNCTION = YES;
				GCC_WARN_UNUSED_VARIABLE = YES;
				IPHONEOS_DEPLOYMENT_TARGET = 10.2;
				MTL_ENABLE_DEBUG_INFO = NO;
				SDKROOT = iphoneos;
				SWIFT_OPTIMIZATION_LEVEL = "-Owholemodule";
				VALIDATE_PRODUCT = YES;
			};
			name = Release;
		};
		AD89B9D61E0AC29B00D20E72 /* Debug */ = {
			isa = XCBuildConfiguration;
			baseConfigurationReference = 4AF718AD705ED045705C27A5 /* Pods-WeiBoTest.debug.xcconfig */;
			buildSettings = {
				ASSETCATALOG_COMPILER_APPICON_NAME = AppIcon;
				ASSETCATALOG_COMPILER_LAUNCHIMAGE_NAME = LaunchImage;
				DEVELOPMENT_TEAM = 6EM7RHL4TV;
				INFOPLIST_FILE = WeiBoTest/Info.plist;
				IPHONEOS_DEPLOYMENT_TARGET = 8.0;
				LD_RUNPATH_SEARCH_PATHS = "$(inherited) @executable_path/Frameworks";
				PRODUCT_BUNDLE_IDENTIFIER = com.xinyi.WeiBoTest;
				PRODUCT_NAME = "$(TARGET_NAME)";
				SWIFT_OBJC_BRIDGING_HEADER = WeiBoTest/WeiBoTest_Bridge.h;
				SWIFT_VERSION = 3.0;
			};
			name = Debug;
		};
		AD89B9D71E0AC29B00D20E72 /* Release */ = {
			isa = XCBuildConfiguration;
			baseConfigurationReference = 5CA185177CF14B93DFF61D7F /* Pods-WeiBoTest.release.xcconfig */;
			buildSettings = {
				ASSETCATALOG_COMPILER_APPICON_NAME = AppIcon;
				ASSETCATALOG_COMPILER_LAUNCHIMAGE_NAME = LaunchImage;
				DEVELOPMENT_TEAM = 6EM7RHL4TV;
				INFOPLIST_FILE = WeiBoTest/Info.plist;
				IPHONEOS_DEPLOYMENT_TARGET = 8.0;
				LD_RUNPATH_SEARCH_PATHS = "$(inherited) @executable_path/Frameworks";
				PRODUCT_BUNDLE_IDENTIFIER = com.xinyi.WeiBoTest;
				PRODUCT_NAME = "$(TARGET_NAME)";
				SWIFT_OBJC_BRIDGING_HEADER = WeiBoTest/WeiBoTest_Bridge.h;
				SWIFT_VERSION = 3.0;
			};
			name = Release;
		};
/* End XCBuildConfiguration section */

/* Begin XCConfigurationList section */
		AD89B9BE1E0AC29B00D20E72 /* Build configuration list for PBXProject "WeiBoTest" */ = {
			isa = XCConfigurationList;
			buildConfigurations = (
				AD89B9D31E0AC29B00D20E72 /* Debug */,
				AD89B9D41E0AC29B00D20E72 /* Release */,
			);
			defaultConfigurationIsVisible = 0;
			defaultConfigurationName = Release;
		};
		AD89B9D51E0AC29B00D20E72 /* Build configuration list for PBXNativeTarget "WeiBoTest" */ = {
			isa = XCConfigurationList;
			buildConfigurations = (
				AD89B9D61E0AC29B00D20E72 /* Debug */,
				AD89B9D71E0AC29B00D20E72 /* Release */,
			);
			defaultConfigurationIsVisible = 0;
			defaultConfigurationName = Release;
		};
/* End XCConfigurationList section */
	};
	rootObject = AD89B9BB1E0AC29B00D20E72 /* Project object */;
}
